// !$*UTF8*$!
{
	archiveVersion = 1;
	classes = {
	};
	objectVersion = 55;
	objects = {

/* Begin PBXBuildFile section */
		0D51F57128ABE93B00ACD83F /* LevelViewModel.swift in Sources */ = {isa = PBXBuildFile; fileRef = 0D51F56D28ABE93A00ACD83F /* LevelViewModel.swift */; };
		0D51F57228ABE93B00ACD83F /* PuzzleItemView.swift in Sources */ = {isa = PBXBuildFile; fileRef = 0D51F56E28ABE93A00ACD83F /* PuzzleItemView.swift */; };
		0D51F57328ABE93B00ACD83F /* LevelView.swift in Sources */ = {isa = PBXBuildFile; fileRef = 0D51F56F28ABE93B00ACD83F /* LevelView.swift */; };
		0D51F57428ABE93B00ACD83F /* HomeViewModel.swift in Sources */ = {isa = PBXBuildFile; fileRef = 0D51F57028ABE93B00ACD83F /* HomeViewModel.swift */; };
		0D51F57628ABE99500ACD83F /* HomeView.swift in Sources */ = {isa = PBXBuildFile; fileRef = 0D51F57528ABE99500ACD83F /* HomeView.swift */; };
		0D51F57C28AC38DB00ACD83F /* Image.swift in Sources */ = {isa = PBXBuildFile; fileRef = 0D51F57B28AC38DB00ACD83F /* Image.swift */; };
		0D51F57F28AC3B6A00ACD83F /* ButtonPanel.swift in Sources */ = {isa = PBXBuildFile; fileRef = 0D51F57E28AC3B6A00ACD83F /* ButtonPanel.swift */; };
		0D704BA62868EBC6006F079F /* Array.swift in Sources */ = {isa = PBXBuildFile; fileRef = 0D704BA52868EBC6006F079F /* Array.swift */; };
		0D7879672869A9F60036CA7F /* demo.gif in Resources */ = {isa = PBXBuildFile; fileRef = 0D7879662869A9F60036CA7F /* demo.gif */; };
		0D975BAE2868A9FA00E663DA /* PuzzleSwiftApp.swift in Sources */ = {isa = PBXBuildFile; fileRef = 0D975BAD2868A9FA00E663DA /* PuzzleSwiftApp.swift */; };
		0D975BB02868A9FA00E663DA /* ContentView.swift in Sources */ = {isa = PBXBuildFile; fileRef = 0D975BAF2868A9FA00E663DA /* ContentView.swift */; };
		0D975BB22868A9FC00E663DA /* Assets.xcassets in Resources */ = {isa = PBXBuildFile; fileRef = 0D975BB12868A9FC00E663DA /* Assets.xcassets */; };
		0D975BB52868A9FC00E663DA /* Preview Assets.xcassets in Resources */ = {isa = PBXBuildFile; fileRef = 0D975BB42868A9FC00E663DA /* Preview Assets.xcassets */; };
		0D975BBD2868ABCE00E663DA /* Puzzle.swift in Sources */ = {isa = PBXBuildFile; fileRef = 0D975BBC2868ABCE00E663DA /* Puzzle.swift */; };
		0DA5D7F028A1189400C526F5 /* PuzzlePosition.swift in Sources */ = {isa = PBXBuildFile; fileRef = 0DA5D7EF28A1189400C526F5 /* PuzzlePosition.swift */; };
/* End PBXBuildFile section */

/* Begin PBXFileReference section */
		0D51F56D28ABE93A00ACD83F /* LevelViewModel.swift */ = {isa = PBXFileReference; fileEncoding = 4; lastKnownFileType = sourcecode.swift; path = LevelViewModel.swift; sourceTree = "<group>"; };
		0D51F56E28ABE93A00ACD83F /* PuzzleItemView.swift */ = {isa = PBXFileReference; fileEncoding = 4; lastKnownFileType = sourcecode.swift; path = PuzzleItemView.swift; sourceTree = "<group>"; };
		0D51F56F28ABE93B00ACD83F /* LevelView.swift */ = {isa = PBXFileReference; fileEncoding = 4; lastKnownFileType = sourcecode.swift; path = LevelView.swift; sourceTree = "<group>"; };
		0D51F57028ABE93B00ACD83F /* HomeViewModel.swift */ = {isa = PBXFileReference; fileEncoding = 4; lastKnownFileType = sourcecode.swift; path = HomeViewModel.swift; sourceTree = "<group>"; };
		0D51F57528ABE99500ACD83F /* HomeView.swift */ = {isa = PBXFileReference; lastKnownFileType = sourcecode.swift; path = HomeView.swift; sourceTree = "<group>"; };
		0D51F57B28AC38DB00ACD83F /* Image.swift */ = {isa = PBXFileReference; lastKnownFileType = sourcecode.swift; path = Image.swift; sourceTree = "<group>"; };
		0D51F57E28AC3B6A00ACD83F /* ButtonPanel.swift */ = {isa = PBXFileReference; lastKnownFileType = sourcecode.swift; path = ButtonPanel.swift; sourceTree = "<group>"; };
		0D704BA52868EBC6006F079F /* Array.swift */ = {isa = PBXFileReference; lastKnownFileType = sourcecode.swift; path = Array.swift; sourceTree = "<group>"; };
		0D7879662869A9F60036CA7F /* demo.gif */ = {isa = PBXFileReference; lastKnownFileType = image.gif; path = demo.gif; sourceTree = "<group>"; };
		0D975BAA2868A9FA00E663DA /* PuzzleSwift.app */ = {isa = PBXFileReference; explicitFileType = wrapper.application; includeInIndex = 0; path = PuzzleSwift.app; sourceTree = BUILT_PRODUCTS_DIR; };
		0D975BAD2868A9FA00E663DA /* PuzzleSwiftApp.swift */ = {isa = PBXFileReference; lastKnownFileType = sourcecode.swift; path = PuzzleSwiftApp.swift; sourceTree = "<group>"; };
		0D975BAF2868A9FA00E663DA /* ContentView.swift */ = {isa = PBXFileReference; lastKnownFileType = sourcecode.swift; path = ContentView.swift; sourceTree = "<group>"; };
		0D975BB12868A9FC00E663DA /* Assets.xcassets */ = {isa = PBXFileReference; lastKnownFileType = folder.assetcatalog; path = Assets.xcassets; sourceTree = "<group>"; };
		0D975BB42868A9FC00E663DA /* Preview Assets.xcassets */ = {isa = PBXFileReference; lastKnownFileType = folder.assetcatalog; path = "Preview Assets.xcassets"; sourceTree = "<group>"; };
		0D975BBC2868ABCE00E663DA /* Puzzle.swift */ = {isa = PBXFileReference; lastKnownFileType = sourcecode.swift; path = Puzzle.swift; sourceTree = "<group>"; };
		0DA5D7EF28A1189400C526F5 /* PuzzlePosition.swift */ = {isa = PBXFileReference; lastKnownFileType = sourcecode.swift; path = PuzzlePosition.swift; sourceTree = "<group>"; };
/* End PBXFileReference section */

/* Begin PBXFrameworksBuildPhase section */
		0D975BA72868A9FA00E663DA /* Frameworks */ = {
			isa = PBXFrameworksBuildPhase;
			buildActionMask = 2147483647;
			files = (
			);
			runOnlyForDeploymentPostprocessing = 0;
		};
/* End PBXFrameworksBuildPhase section */

/* Begin PBXGroup section */
		0D51F56A28ABE92100ACD83F /* Home */ = {
			isa = PBXGroup;
			children = (
				0D51F57028ABE93B00ACD83F /* HomeViewModel.swift */,
				0D51F56F28ABE93B00ACD83F /* LevelView.swift */,
				0D51F56D28ABE93A00ACD83F /* LevelViewModel.swift */,
				0D51F56E28ABE93A00ACD83F /* PuzzleItemView.swift */,
				0D51F57528ABE99500ACD83F /* HomeView.swift */,
			);
			path = Home;
			sourceTree = "<group>";
		};
		0D51F57D28AC3AAF00ACD83F /* Components */ = {
			isa = PBXGroup;
			children = (
				0D51F57E28AC3B6A00ACD83F /* ButtonPanel.swift */,
			);
			path = Components;
			sourceTree = "<group>";
		};
		0D975BA12868A9FA00E663DA = {
			isa = PBXGroup;
			children = (
				0D975BAC2868A9FA00E663DA /* PuzzleSwift */,
				0D975BAB2868A9FA00E663DA /* Products */,
			);
			sourceTree = "<group>";
		};
		0D975BAB2868A9FA00E663DA /* Products */ = {
			isa = PBXGroup;
			children = (
				0D975BAA2868A9FA00E663DA /* PuzzleSwift.app */,
			);
			name = Products;
			sourceTree = "<group>";
		};
		0D975BAC2868A9FA00E663DA /* PuzzleSwift */ = {
			isa = PBXGroup;
			children = (
				0DA5D7EB28A1186400C526F5 /* Core */,
				0D7879662869A9F60036CA7F /* demo.gif */,
				0D975BCA2868EB4E00E663DA /* Extensions */,
				0D975BAD2868A9FA00E663DA /* PuzzleSwiftApp.swift */,
				0D975BAF2868A9FA00E663DA /* ContentView.swift */,
				0D975BB12868A9FC00E663DA /* Assets.xcassets */,
				0D975BB32868A9FC00E663DA /* Preview Content */,
			);
			path = PuzzleSwift;
			sourceTree = "<group>";
		};
		0D975BB32868A9FC00E663DA /* Preview Content */ = {
			isa = PBXGroup;
			children = (
				0D975BB42868A9FC00E663DA /* Preview Assets.xcassets */,
			);
			path = "Preview Content";
			sourceTree = "<group>";
		};
		0D975BBB2868ABC300E663DA /* Models */ = {
			isa = PBXGroup;
			children = (
				0D975BBC2868ABCE00E663DA /* Puzzle.swift */,
			);
			path = Models;
			sourceTree = "<group>";
		};
		0D975BCA2868EB4E00E663DA /* Extensions */ = {
			isa = PBXGroup;
			children = (
				0D704BA52868EBC6006F079F /* Array.swift */,
				0D51F57B28AC38DB00ACD83F /* Image.swift */,
			);
			path = Extensions;
			sourceTree = "<group>";
		};
		0DA5D7EB28A1186400C526F5 /* Core */ = {
			isa = PBXGroup;
			children = (
				0D51F57D28AC3AAF00ACD83F /* Components */,
				0D51F56A28ABE92100ACD83F /* Home */,
				0D975BBB2868ABC300E663DA /* Models */,
				0DA5D7EE28A1188D00C526F5 /* Utilities */,
			);
			path = Core;
			sourceTree = "<group>";
		};
		0DA5D7EE28A1188D00C526F5 /* Utilities */ = {
			isa = PBXGroup;
			children = (
				0DA5D7EF28A1189400C526F5 /* PuzzlePosition.swift */,
			);
			path = Utilities;
			sourceTree = "<group>";
		};
/* End PBXGroup section */

/* Begin PBXNativeTarget section */
		0D975BA92868A9FA00E663DA /* PuzzleSwift */ = {
			isa = PBXNativeTarget;
			buildConfigurationList = 0D975BB82868A9FC00E663DA /* Build configuration list for PBXNativeTarget "PuzzleSwift" */;
			buildPhases = (
				0D975BA62868A9FA00E663DA /* Sources */,
				0D975BA72868A9FA00E663DA /* Frameworks */,
				0D975BA82868A9FA00E663DA /* Resources */,
			);
			buildRules = (
			);
			dependencies = (
			);
			name = PuzzleSwift;
			productName = PuzzleSwift;
			productReference = 0D975BAA2868A9FA00E663DA /* PuzzleSwift.app */;
			productType = "com.apple.product-type.application";
		};
/* End PBXNativeTarget section */

/* Begin PBXProject section */
		0D975BA22868A9FA00E663DA /* Project object */ = {
			isa = PBXProject;
			attributes = {
				BuildIndependentTargetsInParallel = 1;
				LastSwiftUpdateCheck = 1330;
				LastUpgradeCheck = 1330;
				TargetAttributes = {
					0D975BA92868A9FA00E663DA = {
						CreatedOnToolsVersion = 13.3;
					};
				};
			};
			buildConfigurationList = 0D975BA52868A9FA00E663DA /* Build configuration list for PBXProject "PuzzleSwift" */;
			compatibilityVersion = "Xcode 13.0";
			developmentRegion = en;
			hasScannedForEncodings = 0;
			knownRegions = (
				en,
				Base,
			);
			mainGroup = 0D975BA12868A9FA00E663DA;
			productRefGroup = 0D975BAB2868A9FA00E663DA /* Products */;
			projectDirPath = "";
			projectRoot = "";
			targets = (
				0D975BA92868A9FA00E663DA /* PuzzleSwift */,
			);
		};
/* End PBXProject section */

/* Begin PBXResourcesBuildPhase section */
		0D975BA82868A9FA00E663DA /* Resources */ = {
			isa = PBXResourcesBuildPhase;
			buildActionMask = 2147483647;
			files = (
				0D975BB52868A9FC00E663DA /* Preview Assets.xcassets in Resources */,
				0D7879672869A9F60036CA7F /* demo.gif in Resources */,
				0D975BB22868A9FC00E663DA /* Assets.xcassets in Resources */,
			);
			runOnlyForDeploymentPostprocessing = 0;
		};
/* End PBXResourcesBuildPhase section */

/* Begin PBXSourcesBuildPhase section */
		0D975BA62868A9FA00E663DA /* Sources */ = {
			isa = PBXSourcesBuildPhase;
			buildActionMask = 2147483647;
			files = (
				0D51F57F28AC3B6A00ACD83F /* ButtonPanel.swift in Sources */,
				0D975BBD2868ABCE00E663DA /* Puzzle.swift in Sources */,
				0D51F57C28AC38DB00ACD83F /* Image.swift in Sources */,
				0D975BB02868A9FA00E663DA /* ContentView.swift in Sources */,
				0D704BA62868EBC6006F079F /* Array.swift in Sources */,
				0D51F57628ABE99500ACD83F /* HomeView.swift in Sources */,
				0D51F57428ABE93B00ACD83F /* HomeViewModel.swift in Sources */,
				0D51F57228ABE93B00ACD83F /* PuzzleItemView.swift in Sources */,
				0D51F57328ABE93B00ACD83F /* LevelView.swift in Sources */,
				0D51F57128ABE93B00ACD83F /* LevelViewModel.swift in Sources */,
				0DA5D7F028A1189400C526F5 /* PuzzlePosition.swift in Sources */,
				0D975BAE2868A9FA00E663DA /* PuzzleSwiftApp.swift in Sources */,
			);
			runOnlyForDeploymentPostprocessing = 0;
		};
/* End PBXSourcesBuildPhase section */

/* Begin XCBuildConfiguration section */
		0D975BB62868A9FC00E663DA /* Debug */ = {
			isa = XCBuildConfiguration;
			buildSettings = {
				ALWAYS_SEARCH_USER_PATHS = NO;
				CLANG_ANALYZER_NONNULL = YES;
				CLANG_ANALYZER_NUMBER_OBJECT_CONVERSION = YES_AGGRESSIVE;
				CLANG_CXX_LANGUAGE_STANDARD = "gnu++17";
				CLANG_ENABLE_MODULES = YES;
				CLANG_ENABLE_OBJC_ARC = YES;
				CLANG_ENABLE_OBJC_WEAK = YES;
				CLANG_WARN_BLOCK_CAPTURE_AUTORELEASING = YES;
				CLANG_WARN_BOOL_CONVERSION = YES;
				CLANG_WARN_COMMA = YES;
				CLANG_WARN_CONSTANT_CONVERSION = YES;
				CLANG_WARN_DEPRECATED_OBJC_IMPLEMENTATIONS = YES;
				CLANG_WARN_DIRECT_OBJC_ISA_USAGE = YES_ERROR;
				CLANG_WARN_DOCUMENTATION_COMMENTS = YES;
				CLANG_WARN_EMPTY_BODY = YES;
				CLANG_WARN_ENUM_CONVERSION = YES;
				CLANG_WARN_INFINITE_RECURSION = YES;
				CLANG_WARN_INT_CONVERSION = YES;
				CLANG_WARN_NON_LITERAL_NULL_CONVERSION = YES;
				CLANG_WARN_OBJC_IMPLICIT_RETAIN_SELF = YES;
				CLANG_WARN_OBJC_LITERAL_CONVERSION = YES;
				CLANG_WARN_OBJC_ROOT_CLASS = YES_ERROR;
				CLANG_WARN_QUOTED_INCLUDE_IN_FRAMEWORK_HEADER = YES;
				CLANG_WARN_RANGE_LOOP_ANALYSIS = YES;
				CLANG_WARN_STRICT_PROTOTYPES = YES;
				CLANG_WARN_SUSPICIOUS_MOVE = YES;
				CLANG_WARN_UNGUARDED_AVAILABILITY = YES_AGGRESSIVE;
				CLANG_WARN_UNREACHABLE_CODE = YES;
				CLANG_WARN__DUPLICATE_METHOD_MATCH = YES;
				COPY_PHASE_STRIP = NO;
				DEBUG_INFORMATION_FORMAT = dwarf;
				ENABLE_STRICT_OBJC_MSGSEND = YES;
				ENABLE_TESTABILITY = YES;
				GCC_C_LANGUAGE_STANDARD = gnu11;
				GCC_DYNAMIC_NO_PIC = NO;
				GCC_NO_COMMON_BLOCKS = YES;
				GCC_OPTIMIZATION_LEVEL = 0;
				GCC_PREPROCESSOR_DEFINITIONS = (
					"DEBUG=1",
					"$(inherited)",
				);
				GCC_WARN_64_TO_32_BIT_CONVERSION = YES;
				GCC_WARN_ABOUT_RETURN_TYPE = YES_ERROR;
				GCC_WARN_UNDECLARED_SELECTOR = YES;
				GCC_WARN_UNINITIALIZED_AUTOS = YES_AGGRESSIVE;
				GCC_WARN_UNUSED_FUNCTION = YES;
				GCC_WARN_UNUSED_VARIABLE = YES;
				IPHONEOS_DEPLOYMENT_TARGET = 15.4;
				MTL_ENABLE_DEBUG_INFO = INCLUDE_SOURCE;
				MTL_FAST_MATH = YES;
				ONLY_ACTIVE_ARCH = YES;
				SDKROOT = iphoneos;
				SWIFT_ACTIVE_COMPILATION_CONDITIONS = DEBUG;
				SWIFT_OPTIMIZATION_LEVEL = "-Onone";
			};
			name = Debug;
		};
		0D975BB72868A9FC00E663DA /* Release */ = {
			isa = XCBuildConfiguration;
			buildSettings = {
				ALWAYS_SEARCH_USER_PATHS = NO;
				CLANG_ANALYZER_NONNULL = YES;
				CLANG_ANALYZER_NUMBER_OBJECT_CONVERSION = YES_AGGRESSIVE;
				CLANG_CXX_LANGUAGE_STANDARD = "gnu++17";
				CLANG_ENABLE_MODULES = YES;
				CLANG_ENABLE_OBJC_ARC = YES;
				CLANG_ENABLE_OBJC_WEAK = YES;
				CLANG_WARN_BLOCK_CAPTURE_AUTORELEASING = YES;
				CLANG_WARN_BOOL_CONVERSION = YES;
				CLANG_WARN_COMMA = YES;
				CLANG_WARN_CONSTANT_CONVERSION = YES;
				CLANG_WARN_DEPRECATED_OBJC_IMPLEMENTATIONS = YES;
				CLANG_WARN_DIRECT_OBJC_ISA_USAGE = YES_ERROR;
				CLANG_WARN_DOCUMENTATION_COMMENTS = YES;
				CLANG_WARN_EMPTY_BODY = YES;
				CLANG_WARN_ENUM_CONVERSION = YES;
				CLANG_WARN_INFINITE_RECURSION = YES;
				CLANG_WARN_INT_CONVERSION = YES;
				CLANG_WARN_NON_LITERAL_NULL_CONVERSION = YES;
				CLANG_WARN_OBJC_IMPLICIT_RETAIN_SELF = YES;
				CLANG_WARN_OBJC_LITERAL_CONVERSION = YES;
				CLANG_WARN_OBJC_ROOT_CLASS = YES_ERROR;
				CLANG_WARN_QUOTED_INCLUDE_IN_FRAMEWORK_HEADER = YES;
				CLANG_WARN_RANGE_LOOP_ANALYSIS = YES;
				CLANG_WARN_STRICT_PROTOTYPES = YES;
				CLANG_WARN_SUSPICIOUS_MOVE = YES;
				CLANG_WARN_UNGUARDED_AVAILABILITY = YES_AGGRESSIVE;
				CLANG_WARN_UNREACHABLE_CODE = YES;
				CLANG_WARN__DUPLICATE_METHOD_MATCH = YES;
				COPY_PHASE_STRIP = NO;
				DEBUG_INFORMATION_FORMAT = "dwarf-with-dsym";
				ENABLE_NS_ASSERTIONS = NO;
				ENABLE_STRICT_OBJC_MSGSEND = YES;
				GCC_C_LANGUAGE_STANDARD = gnu11;
				GCC_NO_COMMON_BLOCKS = YES;
				GCC_WARN_64_TO_32_BIT_CONVERSION = YES;
				GCC_WARN_ABOUT_RETURN_TYPE = YES_ERROR;
				GCC_WARN_UNDECLARED_SELECTOR = YES;
				GCC_WARN_UNINITIALIZED_AUTOS = YES_AGGRESSIVE;
				GCC_WARN_UNUSED_FUNCTION = YES;
				GCC_WARN_UNUSED_VARIABLE = YES;
				IPHONEOS_DEPLOYMENT_TARGET = 15.4;
				MTL_ENABLE_DEBUG_INFO = NO;
				MTL_FAST_MATH = YES;
				SDKROOT = iphoneos;
				SWIFT_COMPILATION_MODE = wholemodule;
				SWIFT_OPTIMIZATION_LEVEL = "-O";
				VALIDATE_PRODUCT = YES;
			};
			name = Release;
		};
		0D975BB92868A9FC00E663DA /* Debug */ = {
			isa = XCBuildConfiguration;
			buildSettings = {
				ASSETCATALOG_COMPILER_APPICON_NAME = AppIcon;
				ASSETCATALOG_COMPILER_GLOBAL_ACCENT_COLOR_NAME = AccentColor;
				CODE_SIGN_STYLE = Automatic;
				CURRENT_PROJECT_VERSION = 1;
				DEVELOPMENT_ASSET_PATHS = "\"PuzzleSwift/Preview Content\"";
				DEVELOPMENT_TEAM = K4B335LMWX;
				ENABLE_PREVIEWS = YES;
				GENERATE_INFOPLIST_FILE = YES;
				INFOPLIST_KEY_UIApplicationSceneManifest_Generation = YES;
				INFOPLIST_KEY_UIApplicationSupportsIndirectInputEvents = YES;
				INFOPLIST_KEY_UILaunchScreen_Generation = YES;
				INFOPLIST_KEY_UISupportedInterfaceOrientations_iPad = "UIInterfaceOrientationPortrait UIInterfaceOrientationPortraitUpsideDown UIInterfaceOrientationLandscapeLeft UIInterfaceOrientationLandscapeRight";
				INFOPLIST_KEY_UISupportedInterfaceOrientations_iPhone = "UIInterfaceOrientationPortrait UIInterfaceOrientationLandscapeLeft UIInterfaceOrientationLandscapeRight";
				LD_RUNPATH_SEARCH_PATHS = (
					"$(inherited)",
					"@executable_path/Frameworks",
				);
				MARKETING_VERSION = 1.0;
				PRODUCT_BUNDLE_IDENTIFIER = Brotsky.PuzzleSwift;
				PRODUCT_NAME = "$(TARGET_NAME)";
				SWIFT_EMIT_LOC_STRINGS = YES;
				SWIFT_VERSION = 5.0;
				TARGETED_DEVICE_FAMILY = "1,2";
			};
			name = Debug;
		};
		0D975BBA2868A9FC00E663DA /* Release */ = {
			isa = XCBuildConfiguration;
			buildSettings = {
				ASSETCATALOG_COMPILER_APPICON_NAME = AppIcon;
				ASSETCATALOG_COMPILER_GLOBAL_ACCENT_COLOR_NAME = AccentColor;
				CODE_SIGN_STYLE = Automatic;
				CURRENT_PROJECT_VERSION = 1;
				DEVELOPMENT_ASSET_PATHS = "\"PuzzleSwift/Preview Content\"";
				DEVELOPMENT_TEAM = K4B335LMWX;
				ENABLE_PREVIEWS = YES;
				GENERATE_INFOPLIST_FILE = YES;
				INFOPLIST_KEY_UIApplicationSceneManifest_Generation = YES;
				INFOPLIST_KEY_UIApplicationSupportsIndirectInputEvents = YES;
				INFOPLIST_KEY_UILaunchScreen_Generation = YES;
				INFOPLIST_KEY_UISupportedInterfaceOrientations_iPad = "UIInterfaceOrientationPortrait UIInterfaceOrientationPortraitUpsideDown UIInterfaceOrientationLandscapeLeft UIInterfaceOrientationLandscapeRight";
				INFOPLIST_KEY_UISupportedInterfaceOrientations_iPhone = "UIInterfaceOrientationPortrait UIInterfaceOrientationLandscapeLeft UIInterfaceOrientationLandscapeRight";
				LD_RUNPATH_SEARCH_PATHS = (
					"$(inherited)",
					"@executable_path/Frameworks",
				);
				MARKETING_VERSION = 1.0;
				PRODUCT_BUNDLE_IDENTIFIER = Brotsky.PuzzleSwift;
				PRODUCT_NAME = "$(TARGET_NAME)";
				SWIFT_EMIT_LOC_STRINGS = YES;
				SWIFT_VERSION = 5.0;
				TARGETED_DEVICE_FAMILY = "1,2";
			};
			name = Release;
		};
/* End XCBuildConfiguration section */

/* Begin XCConfigurationList section */
		0D975BA52868A9FA00E663DA /* Build configuration list for PBXProject "PuzzleSwift" */ = {
			isa = XCConfigurationList;
			buildConfigurations = (
				0D975BB62868A9FC00E663DA /* Debug */,
				0D975BB72868A9FC00E663DA /* Release */,
			);
			defaultConfigurationIsVisible = 0;
			defaultConfigurationName = Release;
		};
		0D975BB82868A9FC00E663DA /* Build configuration list for PBXNativeTarget "PuzzleSwift" */ = {
			isa = XCConfigurationList;
			buildConfigurations = (
				0D975BB92868A9FC00E663DA /* Debug */,
				0D975BBA2868A9FC00E663DA /* Release */,
			);
			defaultConfigurationIsVisible = 0;
			defaultConfigurationName = Release;
		};
/* End XCConfigurationList section */
	};
	rootObject = 0D975BA22868A9FA00E663DA /* Project object */;
}
